
Microsoft Visual Studio Solution File, Format Version 12.00
# Visual Studio 15
VisualStudioVersion = 15.0.27428.2002
MinimumVisualStudioVersion = 10.0.40219.1
Project("{FAE04EC0-301F-11D3-BF4B-00C04F79EFBC}") = "SaleDrink", "SaleDrink\SaleDrink.csproj", "{8A4BD208-1D7B-466B-994B-69C83294B225}"
EndProject
Project("{FAE04EC0-301F-11D3-BF4B-00C04F79EFBC}") = "Model", "Model\Model.csproj", "{D7F81726-AFB9-4560-83AE-EAB364411332}"
EndProject
Global
	GlobalSection(SolutionConfigurationPlatforms) = preSolution
		Debug|Any CPU = Debug|Any CPU
		Release|Any CPU = Release|Any CPU
	EndGlobalSection
	GlobalSection(ProjectConfigurationPlatforms) = postSolution
		{8A4BD208-1D7B-466B-994B-69C83294B225}.Debug|Any CPU.ActiveCfg = Debug|Any CPU
		{8A4BD208-1D7B-466B-994B-69C83294B225}.Debug|Any CPU.Build.0 = Debug|Any CPU
		{8A4BD208-1D7B-466B-994B-69C83294B225}.Release|Any CPU.ActiveCfg = Release|Any CPU
		{8A4BD208-1D7B-466B-994B-69C83294B225}.Release|Any CPU.Build.0 = Release|Any CPU
		{D7F81726-AFB9-4560-83AE-EAB364411332}.Debug|Any CPU.ActiveCfg = Debug|Any CPU
		{D7F81726-AFB9-4560-83AE-EAB364411332}.Debug|Any CPU.Build.0 = Debug|Any CPU
		{D7F81726-AFB9-4560-83AE-EAB364411332}.Release|Any CPU.ActiveCfg = Release|Any CPU
		{D7F81726-AFB9-4560-83AE-EAB364411332}.Release|Any CPU.Build.0 = Release|Any CPU
	EndGlobalSection
	GlobalSection(SolutionProperties) = preSolution
		HideSolutionNode = FALSE
	EndGlobalSection
	GlobalSection(ExtensibilityGlobals) = postSolution
		SolutionGuid = {BE765D33-0C0E-4299-9102-12A0B1E6EEE4}
	EndGlobalSection
EndGlobal
